
Microsoft Visual Studio Solution File, Format Version 12.00
# Visual Studio Version 17
VisualStudioVersion = 17.3.32922.545
MinimumVisualStudioVersion = 10.0.40219.1
Project("{FAE04EC0-301F-11D3-BF4B-00C04F79EFBC}") = "WindowsDIPLOM", "WindowsDIPLOM.csproj", "{DDAF3C35-C0C6-451A-9116-5B0D3F8DCADA}"
EndProject
Global
	GlobalSection(SolutionConfigurationPlatforms) = preSolution
		Debug|Any CPU = Debug|Any CPU
		Release|Any CPU = Release|Any CPU
	EndGlobalSection
	GlobalSection(ProjectConfigurationPlatforms) = postSolution
		{DDAF3C35-C0C6-451A-9116-5B0D3F8DCADA}.Debug|Any CPU.ActiveCfg = Debug|Any CPU
		{DDAF3C35-C0C6-451A-9116-5B0D3F8DCADA}.Debug|Any CPU.Build.0 = Debug|Any CPU
		{DDAF3C35-C0C6-451A-9116-5B0D3F8DCADA}.Release|Any CPU.ActiveCfg = Release|Any CPU
		{DDAF3C35-C0C6-451A-9116-5B0D3F8DCADA}.Release|Any CPU.Build.0 = Release|Any CPU
	EndGlobalSection
	GlobalSection(SolutionProperties) = preSolution
		HideSolutionNode = FALSE
	EndGlobalSection
	GlobalSection(ExtensibilityGlobals) = postSolution
		SolutionGuid = {B769A297-C1EF-4C6C-B537-BD3C581238F0}
	EndGlobalSection
EndGlobal
